
Microsoft Visual Studio Solution File, Format Version 12.00
# Visual Studio Version 16
VisualStudioVersion = 16.0.30804.86
MinimumVisualStudioVersion = 10.0.40219.1
Project("{FAE04EC0-301F-11D3-BF4B-00C04F79EFBC}") = "WpfAppTest5", "WpfAppTest5.csproj", "{C981B845-B30C-4A1A-9D26-482126F741F8}"
EndProject
Global
	GlobalSection(SolutionConfigurationPlatforms) = preSolution
		Debug|Any CPU = Debug|Any CPU
		Release|Any CPU = Release|Any CPU
	EndGlobalSection
	GlobalSection(ProjectConfigurationPlatforms) = postSolution
		{C981B845-B30C-4A1A-9D26-482126F741F8}.Debug|Any CPU.ActiveCfg = Debug|Any CPU
		{C981B845-B30C-4A1A-9D26-482126F741F8}.Debug|Any CPU.Build.0 = Debug|Any CPU
		{C981B845-B30C-4A1A-9D26-482126F741F8}.Release|Any CPU.ActiveCfg = Release|Any CPU
		{C981B845-B30C-4A1A-9D26-482126F741F8}.Release|Any CPU.Build.0 = Release|Any CPU
	EndGlobalSection
	GlobalSection(SolutionProperties) = preSolution
		HideSolutionNode = FALSE
	EndGlobalSection
	GlobalSection(ExtensibilityGlobals) = postSolution
		SolutionGuid = {6DC0598A-830E-4E92-90F4-29B7D4768219}
	EndGlobalSection
EndGlobal
